
Microsoft Visual Studio Solution File, Format Version 12.00
# Visual Studio 2017
Project("{FAE04EC0-301F-11D3-BF4B-00C04F79EFBC}") = "vdev Library", "vdev Library.csproj", "{BEF084F8-5CDE-6657-74A2-915331D4BEE9}"
EndProject
Project("{FAE04EC0-301F-11D3-BF4B-00C04F79EFBC}") = "vdev Library.Editor", "vdev Library.Editor.csproj", "{F07C67EF-09B9-A162-6D39-AF4A28C467EE}"
EndProject
Global
	GlobalSection(SolutionConfigurationPlatforms) = preSolution
		Debug|Any CPU = Debug|Any CPU
		Release|Any CPU = Release|Any CPU
	EndGlobalSection
	GlobalSection(ProjectConfigurationPlatforms) = postSolution
		{BEF084F8-5CDE-6657-74A2-915331D4BEE9}.Debug|Any CPU.ActiveCfg = Debug|Any CPU
		{BEF084F8-5CDE-6657-74A2-915331D4BEE9}.Debug|Any CPU.Build.0 = Debug|Any CPU
		{BEF084F8-5CDE-6657-74A2-915331D4BEE9}.Release|Any CPU.ActiveCfg = Release|Any CPU
		{BEF084F8-5CDE-6657-74A2-915331D4BEE9}.Release|Any CPU.Build.0 = Release|Any CPU
		{F07C67EF-09B9-A162-6D39-AF4A28C467EE}.Debug|Any CPU.ActiveCfg = Debug|Any CPU
		{F07C67EF-09B9-A162-6D39-AF4A28C467EE}.Debug|Any CPU.Build.0 = Debug|Any CPU
		{F07C67EF-09B9-A162-6D39-AF4A28C467EE}.Release|Any CPU.ActiveCfg = Release|Any CPU
		{F07C67EF-09B9-A162-6D39-AF4A28C467EE}.Release|Any CPU.Build.0 = Release|Any CPU
	EndGlobalSection
	GlobalSection(SolutionProperties) = preSolution
		HideSolutionNode = FALSE
	EndGlobalSection
EndGlobal
